
Microsoft Visual Studio Solution File, Format Version 12.00
# Visual Studio Version 17
VisualStudioVersion = 17.5.002.0
MinimumVisualStudioVersion = 10.0.40219.1
Project("{9A19103F-16F7-4668-BE54-9A1E7A4F7556}") = "condicionais", "condicionais\condicionais.csproj", "{CB50CDA7-5330-4EF7-B395-B5BCFCE307D9}"
EndProject
Project("{9A19103F-16F7-4668-BE54-9A1E7A4F7556}") = "conversaoTipos", "conversaoTipos\conversaoTipos.csproj", "{02F7C2FB-E1A9-4B4F-A038-ABA75D9A8D8F}"
EndProject
Project("{9A19103F-16F7-4668-BE54-9A1E7A4F7556}") = "introducaoDotNet", "introducaoDotNet\introducaoDotNet.csproj", "{E60CDC16-C561-4292-9DFF-FEFD0073B064}"
EndProject
Project("{FAE04EC0-301F-11D3-BF4B-00C04F79EFBC}") = "introducaoDotNet.Common", "introducaoDotNet.Common\introducaoDotNet.Common.csproj", "{44387BDF-5EC0-4637-9CE6-6E93525BBD0A}"
EndProject
Global
	GlobalSection(SolutionConfigurationPlatforms) = preSolution
		Debug|Any CPU = Debug|Any CPU
		Release|Any CPU = Release|Any CPU
	EndGlobalSection
	GlobalSection(ProjectConfigurationPlatforms) = postSolution
		{CB50CDA7-5330-4EF7-B395-B5BCFCE307D9}.Debug|Any CPU.ActiveCfg = Debug|Any CPU
		{CB50CDA7-5330-4EF7-B395-B5BCFCE307D9}.Debug|Any CPU.Build.0 = Debug|Any CPU
		{CB50CDA7-5330-4EF7-B395-B5BCFCE307D9}.Release|Any CPU.ActiveCfg = Release|Any CPU
		{CB50CDA7-5330-4EF7-B395-B5BCFCE307D9}.Release|Any CPU.Build.0 = Release|Any CPU
		{02F7C2FB-E1A9-4B4F-A038-ABA75D9A8D8F}.Debug|Any CPU.ActiveCfg = Debug|Any CPU
		{02F7C2FB-E1A9-4B4F-A038-ABA75D9A8D8F}.Debug|Any CPU.Build.0 = Debug|Any CPU
		{02F7C2FB-E1A9-4B4F-A038-ABA75D9A8D8F}.Release|Any CPU.ActiveCfg = Release|Any CPU
		{02F7C2FB-E1A9-4B4F-A038-ABA75D9A8D8F}.Release|Any CPU.Build.0 = Release|Any CPU
		{E60CDC16-C561-4292-9DFF-FEFD0073B064}.Debug|Any CPU.ActiveCfg = Debug|Any CPU
		{E60CDC16-C561-4292-9DFF-FEFD0073B064}.Debug|Any CPU.Build.0 = Debug|Any CPU
		{E60CDC16-C561-4292-9DFF-FEFD0073B064}.Release|Any CPU.ActiveCfg = Release|Any CPU
		{E60CDC16-C561-4292-9DFF-FEFD0073B064}.Release|Any CPU.Build.0 = Release|Any CPU
		{44387BDF-5EC0-4637-9CE6-6E93525BBD0A}.Debug|Any CPU.ActiveCfg = Debug|Any CPU
		{44387BDF-5EC0-4637-9CE6-6E93525BBD0A}.Debug|Any CPU.Build.0 = Debug|Any CPU
		{44387BDF-5EC0-4637-9CE6-6E93525BBD0A}.Release|Any CPU.ActiveCfg = Release|Any CPU
		{44387BDF-5EC0-4637-9CE6-6E93525BBD0A}.Release|Any CPU.Build.0 = Release|Any CPU
		{B8508C29-F458-483B-865A-D29B151F8509}.Debug|Any CPU.ActiveCfg = Debug|Any CPU
		{B8508C29-F458-483B-865A-D29B151F8509}.Debug|Any CPU.Build.0 = Debug|Any CPU
		{B8508C29-F458-483B-865A-D29B151F8509}.Release|Any CPU.ActiveCfg = Release|Any CPU
		{B8508C29-F458-483B-865A-D29B151F8509}.Release|Any CPU.Build.0 = Release|Any CPU
	EndGlobalSection
	GlobalSection(SolutionProperties) = preSolution
		HideSolutionNode = FALSE
	EndGlobalSection
	GlobalSection(ExtensibilityGlobals) = postSolution
		SolutionGuid = {4EC90B67-44B8-40D4-8E11-92441F7E86E4}
	EndGlobalSection
EndGlobal
