
Microsoft Visual Studio Solution File, Format Version 12.00
# Visual Studio Version 17
VisualStudioVersion = 17.5.002.0
MinimumVisualStudioVersion = 10.0.40219.1
Project("{9A19103F-16F7-4668-BE54-9A1E7A4F7556}") = "intruducaoCriandoProjeto", "intruducaoCriandoProjeto\intruducaoCriandoProjeto.csproj", "{712613DA-9D0F-469F-8A95-B3CDCD5954D7}"
EndProject
Global
	GlobalSection(SolutionConfigurationPlatforms) = preSolution
		Debug|Any CPU = Debug|Any CPU
		Release|Any CPU = Release|Any CPU
	EndGlobalSection
	GlobalSection(ProjectConfigurationPlatforms) = postSolution
		{712613DA-9D0F-469F-8A95-B3CDCD5954D7}.Debug|Any CPU.ActiveCfg = Debug|Any CPU
		{712613DA-9D0F-469F-8A95-B3CDCD5954D7}.Debug|Any CPU.Build.0 = Debug|Any CPU
		{712613DA-9D0F-469F-8A95-B3CDCD5954D7}.Release|Any CPU.ActiveCfg = Release|Any CPU
		{712613DA-9D0F-469F-8A95-B3CDCD5954D7}.Release|Any CPU.Build.0 = Release|Any CPU
	EndGlobalSection
	GlobalSection(SolutionProperties) = preSolution
		HideSolutionNode = FALSE
	EndGlobalSection
	GlobalSection(ExtensibilityGlobals) = postSolution
		SolutionGuid = {089B656E-0821-420B-8754-B4D3649A8764}
	EndGlobalSection
EndGlobal
